
Microsoft Visual Studio Solution File, Format Version 12.00
# Visual Studio Version 16
VisualStudioVersion = 16.0.29613.14
MinimumVisualStudioVersion = 10.0.40219.1
Project("{9A19103F-16F7-4668-BE54-9A1E7A4F7556}") = "YoutubeJukebox", "YoutubeJukebox\YoutubeJukebox.csproj", "{526A4120-85FF-4DEB-9770-A0C3C00A01DC}"
EndProject
Project("{9A19103F-16F7-4668-BE54-9A1E7A4F7556}") = "YoutubeJukeboxServer", "YoutubeJukeboxServer\YoutubeJukeboxServer.csproj", "{CCC5F145-019C-42DE-B394-9848ACA7F496}"
EndProject
Global
	GlobalSection(SolutionConfigurationPlatforms) = preSolution
		Debug|Any CPU = Debug|Any CPU
		Release|Any CPU = Release|Any CPU
	EndGlobalSection
	GlobalSection(ProjectConfigurationPlatforms) = postSolution
		{526A4120-85FF-4DEB-9770-A0C3C00A01DC}.Debug|Any CPU.ActiveCfg = Debug|Any CPU
		{526A4120-85FF-4DEB-9770-A0C3C00A01DC}.Debug|Any CPU.Build.0 = Debug|Any CPU
		{526A4120-85FF-4DEB-9770-A0C3C00A01DC}.Release|Any CPU.ActiveCfg = Release|Any CPU
		{526A4120-85FF-4DEB-9770-A0C3C00A01DC}.Release|Any CPU.Build.0 = Release|Any CPU
		{CCC5F145-019C-42DE-B394-9848ACA7F496}.Debug|Any CPU.ActiveCfg = Debug|Any CPU
		{CCC5F145-019C-42DE-B394-9848ACA7F496}.Debug|Any CPU.Build.0 = Debug|Any CPU
		{CCC5F145-019C-42DE-B394-9848ACA7F496}.Release|Any CPU.ActiveCfg = Release|Any CPU
		{CCC5F145-019C-42DE-B394-9848ACA7F496}.Release|Any CPU.Build.0 = Release|Any CPU
	EndGlobalSection
	GlobalSection(SolutionProperties) = preSolution
		HideSolutionNode = FALSE
	EndGlobalSection
	GlobalSection(ExtensibilityGlobals) = postSolution
		SolutionGuid = {B5534494-0929-4D6F-94BA-BB68792599FB}
	EndGlobalSection
EndGlobal
